# This file is generated by running "yarn install" inside your project.
# Manual changes might be lost - proceed with caution!

__metadata:
  version: 6
  cacheKey: 8

"@google-cloud/paginator@npm:^5.0.0":
  version: 5.0.0
  resolution: "@google-cloud/paginator@npm:5.0.0"
  dependencies:
    arrify: ^2.0.0
    extend: ^3.0.2
  checksum: 7b8236ce610bef5c5de62a0ec267b0e4368480397621a692d213c56ffe66b20a8e6d4de0fe0606fd165672c873467ea313493f035a582e674df72c29dd20b7ef
  languageName: node
  linkType: hard

"@google-cloud/precise-date@npm:^4.0.0":
  version: 4.0.0
  resolution: "@google-cloud/precise-date@npm:4.0.0"
  checksum: 178fef6cbfacb17baa45f2a72ead867e0d061a658e53c7772b6406ed41dac72a4ff09f6ea04ab47856b8ccba47a577771079397d562c2a09429b2005982be5d0
  languageName: node
  linkType: hard

"@google-cloud/projectify@npm:^4.0.0":
  version: 4.0.0
  resolution: "@google-cloud/projectify@npm:4.0.0"
  checksum: 973d28414ae200433333a3c315aebb881ced42ea4afe6f3f8520d2fecded75e76c913f5189fea8fb29ce6ca36117c4f44001b3c503eecdd3ac7f02597a98354a
  languageName: node
  linkType: hard

"@google-cloud/promisify@npm:^4.0.0":
  version: 4.0.0
  resolution: "@google-cloud/promisify@npm:4.0.0"
  checksum: edd189398c5ed5b7b64a373177d77c87d076a248c31b8ae878bb91e2411d89860108bcb948c349f32628973a823bd131beb53ec008fd613a8cb466ef1d89de49
  languageName: node
  linkType: hard

"@google-cloud/pubsub@npm:^4.0.7":
  version: 4.0.7
  resolution: "@google-cloud/pubsub@npm:4.0.7"
  dependencies:
    "@google-cloud/paginator": ^5.0.0
    "@google-cloud/precise-date": ^4.0.0
    "@google-cloud/projectify": ^4.0.0
    "@google-cloud/promisify": ^4.0.0
    "@opentelemetry/api": ^1.6.0
    "@opentelemetry/semantic-conventions": ~1.18.0
    "@types/duplexify": ^3.6.0
    "@types/long": ^4.0.0
    arrify: ^2.0.0
    extend: ^3.0.2
    google-auth-library: ^9.0.0
    google-gax: ^4.0.4
    heap-js: ^2.2.0
    is-stream-ended: ^0.1.4
    lodash.snakecase: ^4.1.1
    p-defer: ^3.0.0
  checksum: f31f8f3275feb8d2c14594c41e6b5c4a83742408264013f5c1311f4a23b17a62de497ca32b5f0663e94f558d366624f2e4da4f0dc0a0327966270219726d8642
  languageName: node
  linkType: hard

"@grpc/grpc-js@npm:~1.9.6":
  version: 1.9.12
  resolution: "@grpc/grpc-js@npm:1.9.12"
  dependencies:
    "@grpc/proto-loader": ^0.7.8
    "@types/node": ">=12.12.47"
  checksum: 1788bdc7256b003261d5cfd6858fe21c06043742a5f512b9855df66998239d645e6eda1612d17dbffa19a7fcce950cd2ff661e9818ce67ca36198501020da06d
  languageName: node
  linkType: hard

"@grpc/proto-loader@npm:^0.7.0, @grpc/proto-loader@npm:^0.7.8":
  version: 0.7.10
  resolution: "@grpc/proto-loader@npm:0.7.10"
  dependencies:
    lodash.camelcase: ^4.3.0
    long: ^5.0.0
    protobufjs: ^7.2.4
    yargs: ^17.7.2
  bin:
    proto-loader-gen-types: build/bin/proto-loader-gen-types.js
  checksum: 4987e23b57942c2363b6a6a106e63efae636666cefa348778dfafef2ff72da7343c8587667521cb1d52482827bcd001dd535bdc27065110af56d9c7c176334c9
  languageName: node
  linkType: hard

"@opentelemetry/api@npm:^1.6.0":
  version: 1.7.0
  resolution: "@opentelemetry/api@npm:1.7.0"
  checksum: 2398cbe65f199c3a7050125b3ad9c835f789bb0a616665e9c7f4475a29ac8334b6a3c15f38db48d345b522180c41c00b04cc174cd0eeffba98eb4874a565fa7e
  languageName: node
  linkType: hard

"@opentelemetry/semantic-conventions@npm:~1.18.0":
  version: 1.18.1
  resolution: "@opentelemetry/semantic-conventions@npm:1.18.1"
  checksum: b60c008c01067c0e8f130ab5d61f5207c85b6db08fa926f629c854ab9917ca93fbabd7ae8d1586f9f82e3b29706b0444ded9d6781f7fb7a003eeb27d89af468f
  languageName: node
  linkType: hard

"@protobufjs/aspromise@npm:^1.1.1, @protobufjs/aspromise@npm:^1.1.2":
  version: 1.1.2
  resolution: "@protobufjs/aspromise@npm:1.1.2"
  checksum: 011fe7ef0826b0fd1a95935a033a3c0fd08483903e1aa8f8b4e0704e3233406abb9ee25350ec0c20bbecb2aad8da0dcea58b392bbd77d6690736f02c143865d2
  languageName: node
  linkType: hard

"@protobufjs/base64@npm:^1.1.2":
  version: 1.1.2
  resolution: "@protobufjs/base64@npm:1.1.2"
  checksum: 67173ac34de1e242c55da52c2f5bdc65505d82453893f9b51dc74af9fe4c065cf4a657a4538e91b0d4a1a1e0a0642215e31894c31650ff6e3831471061e1ee9e
  languageName: node
  linkType: hard

"@protobufjs/codegen@npm:^2.0.4":
  version: 2.0.4
  resolution: "@protobufjs/codegen@npm:2.0.4"
  checksum: 59240c850b1d3d0b56d8f8098dd04787dcaec5c5bd8de186fa548de86b86076e1c50e80144b90335e705a044edf5bc8b0998548474c2a10a98c7e004a1547e4b
  languageName: node
  linkType: hard

"@protobufjs/eventemitter@npm:^1.1.0":
  version: 1.1.0
  resolution: "@protobufjs/eventemitter@npm:1.1.0"
  checksum: 0369163a3d226851682f855f81413cbf166cd98f131edb94a0f67f79e75342d86e89df9d7a1df08ac28be2bc77e0a7f0200526bb6c2a407abbfee1f0262d5fd7
  languageName: node
  linkType: hard

"@protobufjs/fetch@npm:^1.1.0":
  version: 1.1.0
  resolution: "@protobufjs/fetch@npm:1.1.0"
  dependencies:
    "@protobufjs/aspromise": ^1.1.1
    "@protobufjs/inquire": ^1.1.0
  checksum: 3fce7e09eb3f1171dd55a192066450f65324fd5f7cc01a431df01bb00d0a895e6bfb5b0c5561ce157ee1d886349c90703d10a4e11a1a256418ff591b969b3477
  languageName: node
  linkType: hard

"@protobufjs/float@npm:^1.0.2":
  version: 1.0.2
  resolution: "@protobufjs/float@npm:1.0.2"
  checksum: 5781e1241270b8bd1591d324ca9e3a3128d2f768077a446187a049e36505e91bc4156ed5ac3159c3ce3d2ba3743dbc757b051b2d723eea9cd367bfd54ab29b2f
  languageName: node
  linkType: hard

"@protobufjs/inquire@npm:^1.1.0":
  version: 1.1.0
  resolution: "@protobufjs/inquire@npm:1.1.0"
  checksum: ca06f02eaf65ca36fb7498fc3492b7fc087bfcc85c702bac5b86fad34b692bdce4990e0ef444c1e2aea8c034227bd1f0484be02810d5d7e931c55445555646f4
  languageName: node
  linkType: hard

"@protobufjs/path@npm:^1.1.2":
  version: 1.1.2
  resolution: "@protobufjs/path@npm:1.1.2"
  checksum: 856eeb532b16a7aac071cacde5c5620df800db4c80cee6dbc56380524736205aae21e5ae47739114bf669ab5e8ba0e767a282ad894f3b5e124197cb9224445ee
  languageName: node
  linkType: hard

"@protobufjs/pool@npm:^1.1.0":
  version: 1.1.0
  resolution: "@protobufjs/pool@npm:1.1.0"
  checksum: d6a34fbbd24f729e2a10ee915b74e1d77d52214de626b921b2d77288bd8f2386808da2315080f2905761527cceffe7ec34c7647bd21a5ae41a25e8212ff79451
  languageName: node
  linkType: hard

"@protobufjs/utf8@npm:^1.1.0":
  version: 1.1.0
  resolution: "@protobufjs/utf8@npm:1.1.0"
  checksum: f9bf3163d13aaa3b6f5e6fbf37a116e094ea021c0e1f2a7ccd0e12a29e2ce08dafba4e8b36e13f8ed7397e1591610ce880ed1289af4d66cf4ace8a36a9557278
  languageName: node
  linkType: hard

"@tootallnate/once@npm:2":
  version: 2.0.0
  resolution: "@tootallnate/once@npm:2.0.0"
  checksum: ad87447820dd3f24825d2d947ebc03072b20a42bfc96cbafec16bff8bbda6c1a81fcb0be56d5b21968560c5359a0af4038a68ba150c3e1694fe4c109a063bed8
  languageName: node
  linkType: hard

"@types/caseless@npm:*":
  version: 0.12.5
  resolution: "@types/caseless@npm:0.12.5"
  checksum: f6a3628add76d27005495914c9c3873a93536957edaa5b69c63b46fe10b4649a6fecf16b676c1695f46aab851da47ec6047dcf3570fa8d9b6883492ff6d074e0
  languageName: node
  linkType: hard

"@types/duplexify@npm:^3.6.0":
  version: 3.6.4
  resolution: "@types/duplexify@npm:3.6.4"
  dependencies:
    "@types/node": "*"
  checksum: bfeb815690dc5a53812b660cfb01d7ef80fadb4273a0ed677423dd219c713ae15b44e2bf0fa8ac15f18ceb5535fe5db11df748564c1d9803042c0f003320d908
  languageName: node
  linkType: hard

"@types/long@npm:^4.0.0":
  version: 4.0.2
  resolution: "@types/long@npm:4.0.2"
  checksum: d16cde7240d834cf44ba1eaec49e78ae3180e724cd667052b194a372f350d024cba8dd3f37b0864931683dab09ca935d52f0c4c1687178af5ada9fc85b0635f4
  languageName: node
  linkType: hard

"@types/node@npm:*, @types/node@npm:>=12.12.47, @types/node@npm:>=13.7.0":
  version: 20.10.4
  resolution: "@types/node@npm:20.10.4"
  dependencies:
    undici-types: ~5.26.4
  checksum: 054b296417e771ab524bea63cf3289559c6bdf290d45428f7cc68e9b00030ff7a0ece47b8c99a26b4f47a443919813bcf42beadff2f0bea7d8125fa541d92eb0
  languageName: node
  linkType: hard

"@types/request@npm:^2.48.8":
  version: 2.48.12
  resolution: "@types/request@npm:2.48.12"
  dependencies:
    "@types/caseless": "*"
    "@types/node": "*"
    "@types/tough-cookie": "*"
    form-data: ^2.5.0
  checksum: 20dfad0a46b4249bf42f09c51fbd4d02ec6738c5152194b5c7c69bab80b00eae9cc71df4489ffa929d0968d453ef7d0823d1f98871efed563a4fdb57bf0a4c58
  languageName: node
  linkType: hard

"@types/tough-cookie@npm:*":
  version: 4.0.5
  resolution: "@types/tough-cookie@npm:4.0.5"
  checksum: f19409d0190b179331586365912920d192733112a195e870c7f18d20ac8adb7ad0b0ff69dad430dba8bc2be09593453a719cfea92dc3bda19748fd158fe1498d
  languageName: node
  linkType: hard

"abort-controller@npm:^3.0.0":
  version: 3.0.0
  resolution: "abort-controller@npm:3.0.0"
  dependencies:
    event-target-shim: ^5.0.0
  checksum: 170bdba9b47b7e65906a28c8ce4f38a7a369d78e2271706f020849c1bfe0ee2067d4261df8bbb66eb84f79208fd5b710df759d64191db58cfba7ce8ef9c54b75
  languageName: node
  linkType: hard

"agent-base@npm:6":
  version: 6.0.2
  resolution: "agent-base@npm:6.0.2"
  dependencies:
    debug: 4
  checksum: f52b6872cc96fd5f622071b71ef200e01c7c4c454ee68bc9accca90c98cfb39f2810e3e9aa330435835eedc8c23f4f8a15267f67c6e245d2b33757575bdac49d
  languageName: node
  linkType: hard

"agent-base@npm:^7.0.2":
  version: 7.1.0
  resolution: "agent-base@npm:7.1.0"
  dependencies:
    debug: ^4.3.4
  checksum: f7828f991470a0cc22cb579c86a18cbae83d8a3cbed39992ab34fc7217c4d126017f1c74d0ab66be87f71455318a8ea3e757d6a37881b8d0f2a2c6aa55e5418f
  languageName: node
  linkType: hard

"ansi-regex@npm:^5.0.1":
  version: 5.0.1
  resolution: "ansi-regex@npm:5.0.1"
  checksum: 2aa4bb54caf2d622f1afdad09441695af2a83aa3fe8b8afa581d205e57ed4261c183c4d3877cee25794443fde5876417d859c108078ab788d6af7e4fe52eb66b
  languageName: node
  linkType: hard

"ansi-styles@npm:^4.0.0":
  version: 4.3.0
  resolution: "ansi-styles@npm:4.3.0"
  dependencies:
    color-convert: ^2.0.1
  checksum: 513b44c3b2105dd14cc42a19271e80f386466c4be574bccf60b627432f9198571ebf4ab1e4c3ba17347658f4ee1711c163d574248c0c1cdc2d5917a0ad582ec4
  languageName: node
  linkType: hard

"arrify@npm:^2.0.0":
  version: 2.0.1
  resolution: "arrify@npm:2.0.1"
  checksum: 067c4c1afd182806a82e4c1cb8acee16ab8b5284fbca1ce29408e6e91281c36bb5b612f6ddfbd40a0f7a7e0c75bf2696eb94c027f6e328d6e9c52465c98e4209
  languageName: node
  linkType: hard

"asynckit@npm:^0.4.0":
  version: 0.4.0
  resolution: "asynckit@npm:0.4.0"
  checksum: 7b78c451df768adba04e2d02e63e2d0bf3b07adcd6e42b4cf665cb7ce899bedd344c69a1dcbce355b5f972d597b25aaa1c1742b52cffd9caccb22f348114f6be
  languageName: node
  linkType: hard

"avisi-apps-gaps-google-cloud@workspace:.":
  version: 0.0.0-use.local
  resolution: "avisi-apps-gaps-google-cloud@workspace:."
  dependencies:
    "@google-cloud/pubsub": ^4.0.7
  languageName: unknown
  linkType: soft

"base64-js@npm:^1.3.0":
  version: 1.5.1
  resolution: "base64-js@npm:1.5.1"
  checksum: 669632eb3745404c2f822a18fc3a0122d2f9a7a13f7fb8b5823ee19d1d2ff9ee5b52c53367176ea4ad093c332fd5ab4bd0ebae5a8e27917a4105a4cfc86b1005
  languageName: node
  linkType: hard

"bignumber.js@npm:^9.0.0":
  version: 9.1.2
  resolution: "bignumber.js@npm:9.1.2"
  checksum: 582c03af77ec9cb0ebd682a373ee6c66475db94a4325f92299621d544aa4bd45cb45fd60001610e94aef8ae98a0905fa538241d9638d4422d57abbeeac6fadaf
  languageName: node
  linkType: hard

"buffer-equal-constant-time@npm:1.0.1":
  version: 1.0.1
  resolution: "buffer-equal-constant-time@npm:1.0.1"
  checksum: 80bb945f5d782a56f374b292770901065bad21420e34936ecbe949e57724b4a13874f735850dd1cc61f078773c4fb5493a41391e7bda40d1fa388d6bd80daaab
  languageName: node
  linkType: hard

"cliui@npm:^8.0.1":
  version: 8.0.1
  resolution: "cliui@npm:8.0.1"
  dependencies:
    string-width: ^4.2.0
    strip-ansi: ^6.0.1
    wrap-ansi: ^7.0.0
  checksum: 79648b3b0045f2e285b76fb2e24e207c6db44323581e421c3acbd0e86454cba1b37aea976ab50195a49e7384b871e6dfb2247ad7dec53c02454ac6497394cb56
  languageName: node
  linkType: hard

"color-convert@npm:^2.0.1":
  version: 2.0.1
  resolution: "color-convert@npm:2.0.1"
  dependencies:
    color-name: ~1.1.4
  checksum: 79e6bdb9fd479a205c71d89574fccfb22bd9053bd98c6c4d870d65c132e5e904e6034978e55b43d69fcaa7433af2016ee203ce76eeba9cfa554b373e7f7db336
  languageName: node
  linkType: hard

"color-name@npm:~1.1.4":
  version: 1.1.4
  resolution: "color-name@npm:1.1.4"
  checksum: b0445859521eb4021cd0fb0cc1a75cecf67fceecae89b63f62b201cca8d345baf8b952c966862a9d9a2632987d4f6581f0ec8d957dfacece86f0a7919316f610
  languageName: node
  linkType: hard

"combined-stream@npm:^1.0.6":
  version: 1.0.8
  resolution: "combined-stream@npm:1.0.8"
  dependencies:
    delayed-stream: ~1.0.0
  checksum: 49fa4aeb4916567e33ea81d088f6584749fc90c7abec76fd516bf1c5aa5c79f3584b5ba3de6b86d26ddd64bae5329c4c7479343250cfe71c75bb366eae53bb7c
  languageName: node
  linkType: hard

"debug@npm:4, debug@npm:^4.1.1, debug@npm:^4.3.4":
  version: 4.3.4
  resolution: "debug@npm:4.3.4"
  dependencies:
    ms: 2.1.2
  peerDependenciesMeta:
    supports-color:
      optional: true
  checksum: 3dbad3f94ea64f34431a9cbf0bafb61853eda57bff2880036153438f50fb5a84f27683ba0d8e5426bf41a8c6ff03879488120cf5b3a761e77953169c0600a708
  languageName: node
  linkType: hard

"delayed-stream@npm:~1.0.0":
  version: 1.0.0
  resolution: "delayed-stream@npm:1.0.0"
  checksum: 46fe6e83e2cb1d85ba50bd52803c68be9bd953282fa7096f51fc29edd5d67ff84ff753c51966061e5ba7cb5e47ef6d36a91924eddb7f3f3483b1c560f77a0020
  languageName: node
  linkType: hard

"duplexify@npm:^4.0.0":
  version: 4.1.2
  resolution: "duplexify@npm:4.1.2"
  dependencies:
    end-of-stream: ^1.4.1
    inherits: ^2.0.3
    readable-stream: ^3.1.1
    stream-shift: ^1.0.0
  checksum: 964376c61c0e92f6ed0694b3ba97c84f199413dc40ab8dfdaef80b7a7f4982fcabf796214e28ed614a5bc1ec45488a29b81e7d46fa3f5ddf65bcb118c20145ad
  languageName: node
  linkType: hard

"ecdsa-sig-formatter@npm:1.0.11, ecdsa-sig-formatter@npm:^1.0.11":
  version: 1.0.11
  resolution: "ecdsa-sig-formatter@npm:1.0.11"
  dependencies:
    safe-buffer: ^5.0.1
  checksum: 207f9ab1c2669b8e65540bce29506134613dd5f122cccf1e6a560f4d63f2732d427d938f8481df175505aad94583bcb32c688737bb39a6df0625f903d6d93c03
  languageName: node
  linkType: hard

"emoji-regex@npm:^8.0.0":
  version: 8.0.0
  resolution: "emoji-regex@npm:8.0.0"
  checksum: d4c5c39d5a9868b5fa152f00cada8a936868fd3367f33f71be515ecee4c803132d11b31a6222b2571b1e5f7e13890156a94880345594d0ce7e3c9895f560f192
  languageName: node
  linkType: hard

"end-of-stream@npm:^1.4.1":
  version: 1.4.4
  resolution: "end-of-stream@npm:1.4.4"
  dependencies:
    once: ^1.4.0
  checksum: 530a5a5a1e517e962854a31693dbb5c0b2fc40b46dad2a56a2deec656ca040631124f4795823acc68238147805f8b021abbe221f4afed5ef3c8e8efc2024908b
  languageName: node
  linkType: hard

"escalade@npm:^3.1.1":
  version: 3.1.1
  resolution: "escalade@npm:3.1.1"
  checksum: a3e2a99f07acb74b3ad4989c48ca0c3140f69f923e56d0cba0526240ee470b91010f9d39001f2a4a313841d237ede70a729e92125191ba5d21e74b106800b133
  languageName: node
  linkType: hard

"event-target-shim@npm:^5.0.0":
  version: 5.0.1
  resolution: "event-target-shim@npm:5.0.1"
  checksum: 1ffe3bb22a6d51bdeb6bf6f7cf97d2ff4a74b017ad12284cc9e6a279e727dc30a5de6bb613e5596ff4dc3e517841339ad09a7eec44266eccb1aa201a30448166
  languageName: node
  linkType: hard

"extend@npm:^3.0.2":
  version: 3.0.2
  resolution: "extend@npm:3.0.2"
  checksum: a50a8309ca65ea5d426382ff09f33586527882cf532931cb08ca786ea3146c0553310bda688710ff61d7668eba9f96b923fe1420cdf56a2c3eaf30fcab87b515
  languageName: node
  linkType: hard

"form-data@npm:^2.5.0":
  version: 2.5.1
  resolution: "form-data@npm:2.5.1"
  dependencies:
    asynckit: ^0.4.0
    combined-stream: ^1.0.6
    mime-types: ^2.1.12
  checksum: 5134ada56cc246b293a1ac7678dba6830000603a3979cf83ff7b2f21f2e3725202237cfb89e32bcb38a1d35727efbd3c3a22e65b42321e8ade8eec01ce755d08
  languageName: node
  linkType: hard

"gaxios@npm:^6.0.0, gaxios@npm:^6.1.1":
  version: 6.1.1
  resolution: "gaxios@npm:6.1.1"
  dependencies:
    extend: ^3.0.2
    https-proxy-agent: ^7.0.1
    is-stream: ^2.0.0
    node-fetch: ^2.6.9
  checksum: bb4a4e6c81847b690ee29e01294d2093eb9bb4f9e60bbf81fcc6cd3b274f3c551c50a9bc134e7e7019a9b116eac9d9df6af9f2519c695da7ddd785f36564da72
  languageName: node
  linkType: hard

"gcp-metadata@npm:^6.1.0":
  version: 6.1.0
  resolution: "gcp-metadata@npm:6.1.0"
  dependencies:
    gaxios: ^6.0.0
    json-bigint: ^1.0.0
  checksum: 55de8ae4a6b7664379a093abf7e758ae06e82f244d41bd58d881a470bf34db94c4067ce9e1b425d9455b7705636d5f8baad844e49bb73879c338753ba7785b2b
  languageName: node
  linkType: hard

"get-caller-file@npm:^2.0.5":
  version: 2.0.5
  resolution: "get-caller-file@npm:2.0.5"
  checksum: b9769a836d2a98c3ee734a88ba712e62703f1df31b94b784762c433c27a386dd6029ff55c2a920c392e33657d80191edbf18c61487e198844844516f843496b9
  languageName: node
  linkType: hard

"google-auth-library@npm:^9.0.0":
  version: 9.4.1
  resolution: "google-auth-library@npm:9.4.1"
  dependencies:
    base64-js: ^1.3.0
    ecdsa-sig-formatter: ^1.0.11
    gaxios: ^6.1.1
    gcp-metadata: ^6.1.0
    gtoken: ^7.0.0
    jws: ^4.0.0
  checksum: c7d2d40ab704e0412db71e505a50b8b149233b9714db20b75c522e43c2a02033de52d4fc37787a8907875c93ff895a0a9582ed1217a990dfbf7389b1d7e2b3d0
  languageName: node
  linkType: hard

"google-gax@npm:^4.0.4":
  version: 4.0.5
  resolution: "google-gax@npm:4.0.5"
  dependencies:
    "@grpc/grpc-js": ~1.9.6
    "@grpc/proto-loader": ^0.7.0
    "@types/long": ^4.0.0
    abort-controller: ^3.0.0
    duplexify: ^4.0.0
    google-auth-library: ^9.0.0
    node-fetch: ^2.6.1
    object-hash: ^3.0.0
    proto3-json-serializer: ^2.0.0
    protobufjs: 7.2.5
    retry-request: ^7.0.0
  checksum: d4b5f2fc4a902b29d23552ab0fa498785ce88516ff07f7e7f08cac0f6572a78113a7f468f47b17e98d235d4049eeda8d77cfcad6291f6d14bda39b9eb19f935d
  languageName: node
  linkType: hard

"gtoken@npm:^7.0.0":
  version: 7.0.1
  resolution: "gtoken@npm:7.0.1"
  dependencies:
    gaxios: ^6.0.0
    jws: ^4.0.0
  checksum: de1f65ebe77deb90931c29c76408e6bd097ac6f8d0b520164ac13449b39012ea8d710596d5a63ae508b2c9e49ef9f92cd7817d6fc97140668ba2e1ff30e2d418
  languageName: node
  linkType: hard

"heap-js@npm:^2.2.0":
  version: 2.3.0
  resolution: "heap-js@npm:2.3.0"
  checksum: 04ba26c68ab6f5f8ef8726b806648bd433a5db1eba95510b09ddb46c4c915da944078582f2c136b6aafaf1b07e69a1d9fad5b8e24143aba00b6fd403876a1b46
  languageName: node
  linkType: hard

"http-proxy-agent@npm:^5.0.0":
  version: 5.0.0
  resolution: "http-proxy-agent@npm:5.0.0"
  dependencies:
    "@tootallnate/once": 2
    agent-base: 6
    debug: 4
  checksum: e2ee1ff1656a131953839b2a19cd1f3a52d97c25ba87bd2559af6ae87114abf60971e498021f9b73f9fd78aea8876d1fb0d4656aac8a03c6caa9fc175f22b786
  languageName: node
  linkType: hard

"https-proxy-agent@npm:^5.0.0":
  version: 5.0.1
  resolution: "https-proxy-agent@npm:5.0.1"
  dependencies:
    agent-base: 6
    debug: 4
  checksum: 571fccdf38184f05943e12d37d6ce38197becdd69e58d03f43637f7fa1269cf303a7d228aa27e5b27bbd3af8f09fd938e1c91dcfefff2df7ba77c20ed8dfc765
  languageName: node
  linkType: hard

"https-proxy-agent@npm:^7.0.1":
  version: 7.0.2
  resolution: "https-proxy-agent@npm:7.0.2"
  dependencies:
    agent-base: ^7.0.2
    debug: 4
  checksum: 088969a0dd476ea7a0ed0a2cf1283013682b08f874c3bc6696c83fa061d2c157d29ef0ad3eb70a2046010bb7665573b2388d10fdcb3e410a66995e5248444292
  languageName: node
  linkType: hard

"inherits@npm:^2.0.3":
  version: 2.0.4
  resolution: "inherits@npm:2.0.4"
  checksum: 4a48a733847879d6cf6691860a6b1e3f0f4754176e4d71494c41f3475553768b10f84b5ce1d40fbd0e34e6bfbb864ee35858ad4dd2cf31e02fc4a154b724d7f1
  languageName: node
  linkType: hard

"is-fullwidth-code-point@npm:^3.0.0":
  version: 3.0.0
  resolution: "is-fullwidth-code-point@npm:3.0.0"
  checksum: 44a30c29457c7fb8f00297bce733f0a64cd22eca270f83e58c105e0d015e45c019491a4ab2faef91ab51d4738c670daff901c799f6a700e27f7314029e99e348
  languageName: node
  linkType: hard

"is-stream-ended@npm:^0.1.4":
  version: 0.1.4
  resolution: "is-stream-ended@npm:0.1.4"
  checksum: 56cbc9cfa0a77877777a3df9e186abb5b0ca73dcbcaf0fd87ed573fb8f8e61283abec0fc072c9e3412336edc04449439b8a128d2bcc6c2797158de5465cfaf85
  languageName: node
  linkType: hard

"is-stream@npm:^2.0.0":
  version: 2.0.1
  resolution: "is-stream@npm:2.0.1"
  checksum: b8e05ccdf96ac330ea83c12450304d4a591f9958c11fd17bed240af8d5ffe08aedafa4c0f4cfccd4d28dc9d4d129daca1023633d5c11601a6cbc77521f6fae66
  languageName: node
  linkType: hard

"json-bigint@npm:^1.0.0":
  version: 1.0.0
  resolution: "json-bigint@npm:1.0.0"
  dependencies:
    bignumber.js: ^9.0.0
  checksum: c67bb93ccb3c291e60eb4b62931403e378906aab113ec1c2a8dd0f9a7f065ad6fd9713d627b732abefae2e244ac9ce1721c7a3142b2979532f12b258634ce6f6
  languageName: node
  linkType: hard

"jwa@npm:^2.0.0":
  version: 2.0.0
  resolution: "jwa@npm:2.0.0"
  dependencies:
    buffer-equal-constant-time: 1.0.1
    ecdsa-sig-formatter: 1.0.11
    safe-buffer: ^5.0.1
  checksum: 8f00b71ad5fe94cb55006d0d19202f8f56889109caada2f7eeb63ca81755769ce87f4f48101967f398462e3b8ae4faebfbd5a0269cb755dead5d63c77ba4d2f1
  languageName: node
  linkType: hard

"jws@npm:^4.0.0":
  version: 4.0.0
  resolution: "jws@npm:4.0.0"
  dependencies:
    jwa: ^2.0.0
    safe-buffer: ^5.0.1
  checksum: d68d07aa6d1b8cb35c363a9bd2b48f15064d342a5d9dc18a250dbbce8dc06bd7e4792516c50baa16b8d14f61167c19e851fd7f66b59ecc68b7f6a013759765f7
  languageName: node
  linkType: hard

"lodash.camelcase@npm:^4.3.0":
  version: 4.3.0
  resolution: "lodash.camelcase@npm:4.3.0"
  checksum: cb9227612f71b83e42de93eccf1232feeb25e705bdb19ba26c04f91e885bfd3dd5c517c4a97137658190581d3493ea3973072ca010aab7e301046d90740393d1
  languageName: node
  linkType: hard

"lodash.snakecase@npm:^4.1.1":
  version: 4.1.1
  resolution: "lodash.snakecase@npm:4.1.1"
  checksum: 1685ed3e83dda6eae5a4dcaee161a51cd210aabb3e1c09c57150e7dd8feda19e4ca0d27d0631eabe8d0f4eaa51e376da64e8c018ae5415417c5890d42feb72a8
  languageName: node
  linkType: hard

"long@npm:^5.0.0":
  version: 5.2.3
  resolution: "long@npm:5.2.3"
  checksum: 885ede7c3de4facccbd2cacc6168bae3a02c3e836159ea4252c87b6e34d40af819824b2d4edce330bfb5c4d6e8ce3ec5864bdcf9473fa1f53a4f8225860e5897
  languageName: node
  linkType: hard

"mime-db@npm:1.52.0":
  version: 1.52.0
  resolution: "mime-db@npm:1.52.0"
  checksum: 0d99a03585f8b39d68182803b12ac601d9c01abfa28ec56204fa330bc9f3d1c5e14beb049bafadb3dbdf646dfb94b87e24d4ec7b31b7279ef906a8ea9b6a513f
  languageName: node
  linkType: hard

"mime-types@npm:^2.1.12":
  version: 2.1.35
  resolution: "mime-types@npm:2.1.35"
  dependencies:
    mime-db: 1.52.0
  checksum: 89a5b7f1def9f3af5dad6496c5ed50191ae4331cc5389d7c521c8ad28d5fdad2d06fd81baf38fed813dc4e46bb55c8145bb0ff406330818c9cf712fb2e9b3836
  languageName: node
  linkType: hard

"ms@npm:2.1.2":
  version: 2.1.2
  resolution: "ms@npm:2.1.2"
  checksum: 673cdb2c3133eb050c745908d8ce632ed2c02d85640e2edb3ace856a2266a813b30c613569bf3354fdf4ea7d1a1494add3bfa95e2713baa27d0c2c71fc44f58f
  languageName: node
  linkType: hard

"node-fetch@npm:^2.6.1, node-fetch@npm:^2.6.9":
  version: 2.7.0
  resolution: "node-fetch@npm:2.7.0"
  dependencies:
    whatwg-url: ^5.0.0
  peerDependencies:
    encoding: ^0.1.0
  peerDependenciesMeta:
    encoding:
      optional: true
  checksum: d76d2f5edb451a3f05b15115ec89fc6be39de37c6089f1b6368df03b91e1633fd379a7e01b7ab05089a25034b2023d959b47e59759cb38d88341b2459e89d6e5
  languageName: node
  linkType: hard

"object-hash@npm:^3.0.0":
  version: 3.0.0
  resolution: "object-hash@npm:3.0.0"
  checksum: 80b4904bb3857c52cc1bfd0b52c0352532ca12ed3b8a6ff06a90cd209dfda1b95cee059a7625eb9da29537027f68ac4619363491eedb2f5d3dddbba97494fd6c
  languageName: node
  linkType: hard

"once@npm:^1.4.0":
  version: 1.4.0
  resolution: "once@npm:1.4.0"
  dependencies:
    wrappy: 1
  checksum: cd0a88501333edd640d95f0d2700fbde6bff20b3d4d9bdc521bdd31af0656b5706570d6c6afe532045a20bb8dc0849f8332d6f2a416e0ba6d3d3b98806c7db68
  languageName: node
  linkType: hard

"p-defer@npm:^3.0.0":
  version: 3.0.0
  resolution: "p-defer@npm:3.0.0"
  checksum: ac3b0976a1c76b67cca1a34e00f7299b0cc230891f820749686aa84f8947326bbe0f8e3b7d9ca511578ee06f0c1a6e0ff68c8e9c325eac455f09d99f91697161
  languageName: node
  linkType: hard

"proto3-json-serializer@npm:^2.0.0":
  version: 2.0.0
  resolution: "proto3-json-serializer@npm:2.0.0"
  dependencies:
    protobufjs: ^7.0.0
  checksum: aea3433d5e0204625b97bda53001f71fc060eb83709d58d001c5bf75728f14b5ebfca39b54d81e7c90e4de363f68aecf1d203a410f33ebda9590a812f8f30b13
  languageName: node
  linkType: hard

"protobufjs@npm:7.2.5, protobufjs@npm:^7.0.0, protobufjs@npm:^7.2.4":
  version: 7.2.5
  resolution: "protobufjs@npm:7.2.5"
  dependencies:
    "@protobufjs/aspromise": ^1.1.2
    "@protobufjs/base64": ^1.1.2
    "@protobufjs/codegen": ^2.0.4
    "@protobufjs/eventemitter": ^1.1.0
    "@protobufjs/fetch": ^1.1.0
    "@protobufjs/float": ^1.0.2
    "@protobufjs/inquire": ^1.1.0
    "@protobufjs/path": ^1.1.2
    "@protobufjs/pool": ^1.1.0
    "@protobufjs/utf8": ^1.1.0
    "@types/node": ">=13.7.0"
    long: ^5.0.0
  checksum: 3770a072114061faebbb17cfd135bc4e187b66bc6f40cd8bac624368b0270871ec0cfb43a02b9fb4f029c8335808a840f1afba3c2e7ede7063b98ae6b98a703f
  languageName: node
  linkType: hard

"readable-stream@npm:^3.1.1":
  version: 3.6.2
  resolution: "readable-stream@npm:3.6.2"
  dependencies:
    inherits: ^2.0.3
    string_decoder: ^1.1.1
    util-deprecate: ^1.0.1
  checksum: bdcbe6c22e846b6af075e32cf8f4751c2576238c5043169a1c221c92ee2878458a816a4ea33f4c67623c0b6827c8a400409bfb3cf0bf3381392d0b1dfb52ac8d
  languageName: node
  linkType: hard

"require-directory@npm:^2.1.1":
  version: 2.1.1
  resolution: "require-directory@npm:2.1.1"
  checksum: fb47e70bf0001fdeabdc0429d431863e9475e7e43ea5f94ad86503d918423c1543361cc5166d713eaa7029dd7a3d34775af04764bebff99ef413111a5af18c80
  languageName: node
  linkType: hard

"retry-request@npm:^7.0.0":
  version: 7.0.1
  resolution: "retry-request@npm:7.0.1"
  dependencies:
    "@types/request": ^2.48.8
    debug: ^4.1.1
    extend: ^3.0.2
    teeny-request: ^9.0.0
  checksum: 75a359afc8a748ae2ee2b5991cf3c7a198a61492e73b0fcdc6f03d35767c99a3eb0dc93194f1acf1575665475e4edfcf5cf74097376390e05fc6c004133bd79d
  languageName: node
  linkType: hard

"safe-buffer@npm:^5.0.1, safe-buffer@npm:~5.2.0":
  version: 5.2.1
  resolution: "safe-buffer@npm:5.2.1"
  checksum: b99c4b41fdd67a6aaf280fcd05e9ffb0813654894223afb78a31f14a19ad220bba8aba1cb14eddce1fcfb037155fe6de4e861784eb434f7d11ed58d1e70dd491
  languageName: node
  linkType: hard

"stream-events@npm:^1.0.5":
  version: 1.0.5
  resolution: "stream-events@npm:1.0.5"
  dependencies:
    stubs: ^3.0.0
  checksum: 969ce82e34bfbef5734629cc06f9d7f3705a9ceb8fcd6a526332f9159f1f8bbfdb1a453f3ced0b728083454f7706adbbe8428bceb788a0287ca48ba2642dc3fc
  languageName: node
  linkType: hard

"stream-shift@npm:^1.0.0":
  version: 1.0.1
  resolution: "stream-shift@npm:1.0.1"
  checksum: 59b82b44b29ec3699b5519a49b3cedcc6db58c72fb40c04e005525dfdcab1c75c4e0c180b923c380f204bed78211b9bad8faecc7b93dece4d004c3f6ec75737b
  languageName: node
  linkType: hard

"string-width@npm:^4.1.0, string-width@npm:^4.2.0, string-width@npm:^4.2.3":
  version: 4.2.3
  resolution: "string-width@npm:4.2.3"
  dependencies:
    emoji-regex: ^8.0.0
    is-fullwidth-code-point: ^3.0.0
    strip-ansi: ^6.0.1
  checksum: e52c10dc3fbfcd6c3a15f159f54a90024241d0f149cf8aed2982a2d801d2e64df0bf1dc351cf8e95c3319323f9f220c16e740b06faecd53e2462df1d2b5443fb
  languageName: node
  linkType: hard

"string_decoder@npm:^1.1.1":
  version: 1.3.0
  resolution: "string_decoder@npm:1.3.0"
  dependencies:
    safe-buffer: ~5.2.0
  checksum: 8417646695a66e73aefc4420eb3b84cc9ffd89572861fe004e6aeb13c7bc00e2f616247505d2dbbef24247c372f70268f594af7126f43548565c68c117bdeb56
  languageName: node
  linkType: hard

"strip-ansi@npm:^6.0.0, strip-ansi@npm:^6.0.1":
  version: 6.0.1
  resolution: "strip-ansi@npm:6.0.1"
  dependencies:
    ansi-regex: ^5.0.1
  checksum: f3cd25890aef3ba6e1a74e20896c21a46f482e93df4a06567cebf2b57edabb15133f1f94e57434e0a958d61186087b1008e89c94875d019910a213181a14fc8c
  languageName: node
  linkType: hard

"stubs@npm:^3.0.0":
  version: 3.0.0
  resolution: "stubs@npm:3.0.0"
  checksum: dec7b82186e3743317616235c59bfb53284acc312cb9f4c3e97e2205c67a5c158b0ca89db5927e52351582e90a2672822eeaec9db396e23e56893d2a8676e024
  languageName: node
  linkType: hard

"teeny-request@npm:^9.0.0":
  version: 9.0.0
  resolution: "teeny-request@npm:9.0.0"
  dependencies:
    http-proxy-agent: ^5.0.0
    https-proxy-agent: ^5.0.0
    node-fetch: ^2.6.9
    stream-events: ^1.0.5
    uuid: ^9.0.0
  checksum: 9cb0ad83f9ca6ce6515b3109cbb30ceb2533cdeab8e41c3a0de89f509bd92c5a9aabd27b3adf7f3e49516e106a358859b19fa4928a1937a4ab95809ccb7d52eb
  languageName: node
  linkType: hard

"tr46@npm:~0.0.3":
  version: 0.0.3
  resolution: "tr46@npm:0.0.3"
  checksum: 726321c5eaf41b5002e17ffbd1fb7245999a073e8979085dacd47c4b4e8068ff5777142fc6726d6ca1fd2ff16921b48788b87225cbc57c72636f6efa8efbffe3
  languageName: node
  linkType: hard

"undici-types@npm:~5.26.4":
  version: 5.26.5
  resolution: "undici-types@npm:5.26.5"
  checksum: 3192ef6f3fd5df652f2dc1cd782b49d6ff14dc98e5dced492aa8a8c65425227da5da6aafe22523c67f035a272c599bb89cfe803c1db6311e44bed3042fc25487
  languageName: node
  linkType: hard

"util-deprecate@npm:^1.0.1":
  version: 1.0.2
  resolution: "util-deprecate@npm:1.0.2"
  checksum: 474acf1146cb2701fe3b074892217553dfcf9a031280919ba1b8d651a068c9b15d863b7303cb15bd00a862b498e6cf4ad7b4a08fb134edd5a6f7641681cb54a2
  languageName: node
  linkType: hard

"uuid@npm:^9.0.0":
  version: 9.0.1
  resolution: "uuid@npm:9.0.1"
  bin:
    uuid: dist/bin/uuid
  checksum: 39931f6da74e307f51c0fb463dc2462807531dc80760a9bff1e35af4316131b4fc3203d16da60ae33f07fdca5b56f3f1dd662da0c99fea9aaeab2004780cc5f4
  languageName: node
  linkType: hard

"webidl-conversions@npm:^3.0.0":
  version: 3.0.1
  resolution: "webidl-conversions@npm:3.0.1"
  checksum: c92a0a6ab95314bde9c32e1d0a6dfac83b578f8fa5f21e675bc2706ed6981bc26b7eb7e6a1fab158e5ce4adf9caa4a0aee49a52505d4d13c7be545f15021b17c
  languageName: node
  linkType: hard

"whatwg-url@npm:^5.0.0":
  version: 5.0.0
  resolution: "whatwg-url@npm:5.0.0"
  dependencies:
    tr46: ~0.0.3
    webidl-conversions: ^3.0.0
  checksum: b8daed4ad3356cc4899048a15b2c143a9aed0dfae1f611ebd55073310c7b910f522ad75d727346ad64203d7e6c79ef25eafd465f4d12775ca44b90fa82ed9e2c
  languageName: node
  linkType: hard

"wrap-ansi@npm:^7.0.0":
  version: 7.0.0
  resolution: "wrap-ansi@npm:7.0.0"
  dependencies:
    ansi-styles: ^4.0.0
    string-width: ^4.1.0
    strip-ansi: ^6.0.0
  checksum: a790b846fd4505de962ba728a21aaeda189b8ee1c7568ca5e817d85930e06ef8d1689d49dbf0e881e8ef84436af3a88bc49115c2e2788d841ff1b8b5b51a608b
  languageName: node
  linkType: hard

"wrappy@npm:1":
  version: 1.0.2
  resolution: "wrappy@npm:1.0.2"
  checksum: 159da4805f7e84a3d003d8841557196034155008f817172d4e986bd591f74aa82aa7db55929a54222309e01079a65a92a9e6414da5a6aa4b01ee44a511ac3ee5
  languageName: node
  linkType: hard

"y18n@npm:^5.0.5":
  version: 5.0.8
  resolution: "y18n@npm:5.0.8"
  checksum: 54f0fb95621ee60898a38c572c515659e51cc9d9f787fb109cef6fde4befbe1c4602dc999d30110feee37456ad0f1660fa2edcfde6a9a740f86a290999550d30
  languageName: node
  linkType: hard

"yargs-parser@npm:^21.1.1":
  version: 21.1.1
  resolution: "yargs-parser@npm:21.1.1"
  checksum: ed2d96a616a9e3e1cc7d204c62ecc61f7aaab633dcbfab2c6df50f7f87b393993fe6640d017759fe112d0cb1e0119f2b4150a87305cc873fd90831c6a58ccf1c
  languageName: node
  linkType: hard

"yargs@npm:^17.7.2":
  version: 17.7.2
  resolution: "yargs@npm:17.7.2"
  dependencies:
    cliui: ^8.0.1
    escalade: ^3.1.1
    get-caller-file: ^2.0.5
    require-directory: ^2.1.1
    string-width: ^4.2.3
    y18n: ^5.0.5
    yargs-parser: ^21.1.1
  checksum: 73b572e863aa4a8cbef323dd911d79d193b772defd5a51aab0aca2d446655216f5002c42c5306033968193bdbf892a7a4c110b0d77954a7fdf563e653967b56a
  languageName: node
  linkType: hard
