# This file is generated by running "yarn install" inside your project.
# Manual changes might be lost - proceed with caution!

__metadata:
  version: 6
  cacheKey: 8

"agent-base@npm:^7.0.2":
  version: 7.1.0
  resolution: "agent-base@npm:7.1.0"
  dependencies:
    debug: ^4.3.4
  checksum: f7828f991470a0cc22cb579c86a18cbae83d8a3cbed39992ab34fc7217c4d126017f1c74d0ab66be87f71455318a8ea3e757d6a37881b8d0f2a2c6aa55e5418f
  languageName: node
  linkType: hard

"avisi-apps-gaps-data-residency-migrations@workspace:.":
  version: 0.0.0-use.local
  resolution: "avisi-apps-gaps-data-residency-migrations@workspace:."
  dependencies:
    google-auth-library: ^9.4.1
  languageName: unknown
  linkType: soft

"base64-js@npm:^1.3.0":
  version: 1.5.1
  resolution: "base64-js@npm:1.5.1"
  checksum: 669632eb3745404c2f822a18fc3a0122d2f9a7a13f7fb8b5823ee19d1d2ff9ee5b52c53367176ea4ad093c332fd5ab4bd0ebae5a8e27917a4105a4cfc86b1005
  languageName: node
  linkType: hard

"bignumber.js@npm:^9.0.0":
  version: 9.1.2
  resolution: "bignumber.js@npm:9.1.2"
  checksum: 582c03af77ec9cb0ebd682a373ee6c66475db94a4325f92299621d544aa4bd45cb45fd60001610e94aef8ae98a0905fa538241d9638d4422d57abbeeac6fadaf
  languageName: node
  linkType: hard

"buffer-equal-constant-time@npm:1.0.1":
  version: 1.0.1
  resolution: "buffer-equal-constant-time@npm:1.0.1"
  checksum: 80bb945f5d782a56f374b292770901065bad21420e34936ecbe949e57724b4a13874f735850dd1cc61f078773c4fb5493a41391e7bda40d1fa388d6bd80daaab
  languageName: node
  linkType: hard

"debug@npm:4, debug@npm:^4.3.4":
  version: 4.3.4
  resolution: "debug@npm:4.3.4"
  dependencies:
    ms: 2.1.2
  peerDependenciesMeta:
    supports-color:
      optional: true
  checksum: 3dbad3f94ea64f34431a9cbf0bafb61853eda57bff2880036153438f50fb5a84f27683ba0d8e5426bf41a8c6ff03879488120cf5b3a761e77953169c0600a708
  languageName: node
  linkType: hard

"ecdsa-sig-formatter@npm:1.0.11, ecdsa-sig-formatter@npm:^1.0.11":
  version: 1.0.11
  resolution: "ecdsa-sig-formatter@npm:1.0.11"
  dependencies:
    safe-buffer: ^5.0.1
  checksum: 207f9ab1c2669b8e65540bce29506134613dd5f122cccf1e6a560f4d63f2732d427d938f8481df175505aad94583bcb32c688737bb39a6df0625f903d6d93c03
  languageName: node
  linkType: hard

"extend@npm:^3.0.2":
  version: 3.0.2
  resolution: "extend@npm:3.0.2"
  checksum: a50a8309ca65ea5d426382ff09f33586527882cf532931cb08ca786ea3146c0553310bda688710ff61d7668eba9f96b923fe1420cdf56a2c3eaf30fcab87b515
  languageName: node
  linkType: hard

"gaxios@npm:^6.0.0, gaxios@npm:^6.1.1":
  version: 6.1.1
  resolution: "gaxios@npm:6.1.1"
  dependencies:
    extend: ^3.0.2
    https-proxy-agent: ^7.0.1
    is-stream: ^2.0.0
    node-fetch: ^2.6.9
  checksum: bb4a4e6c81847b690ee29e01294d2093eb9bb4f9e60bbf81fcc6cd3b274f3c551c50a9bc134e7e7019a9b116eac9d9df6af9f2519c695da7ddd785f36564da72
  languageName: node
  linkType: hard

"gcp-metadata@npm:^6.1.0":
  version: 6.1.0
  resolution: "gcp-metadata@npm:6.1.0"
  dependencies:
    gaxios: ^6.0.0
    json-bigint: ^1.0.0
  checksum: 55de8ae4a6b7664379a093abf7e758ae06e82f244d41bd58d881a470bf34db94c4067ce9e1b425d9455b7705636d5f8baad844e49bb73879c338753ba7785b2b
  languageName: node
  linkType: hard

"google-auth-library@npm:^9.4.1":
  version: 9.4.1
  resolution: "google-auth-library@npm:9.4.1"
  dependencies:
    base64-js: ^1.3.0
    ecdsa-sig-formatter: ^1.0.11
    gaxios: ^6.1.1
    gcp-metadata: ^6.1.0
    gtoken: ^7.0.0
    jws: ^4.0.0
  checksum: c7d2d40ab704e0412db71e505a50b8b149233b9714db20b75c522e43c2a02033de52d4fc37787a8907875c93ff895a0a9582ed1217a990dfbf7389b1d7e2b3d0
  languageName: node
  linkType: hard

"gtoken@npm:^7.0.0":
  version: 7.0.1
  resolution: "gtoken@npm:7.0.1"
  dependencies:
    gaxios: ^6.0.0
    jws: ^4.0.0
  checksum: de1f65ebe77deb90931c29c76408e6bd097ac6f8d0b520164ac13449b39012ea8d710596d5a63ae508b2c9e49ef9f92cd7817d6fc97140668ba2e1ff30e2d418
  languageName: node
  linkType: hard

"https-proxy-agent@npm:^7.0.1":
  version: 7.0.2
  resolution: "https-proxy-agent@npm:7.0.2"
  dependencies:
    agent-base: ^7.0.2
    debug: 4
  checksum: 088969a0dd476ea7a0ed0a2cf1283013682b08f874c3bc6696c83fa061d2c157d29ef0ad3eb70a2046010bb7665573b2388d10fdcb3e410a66995e5248444292
  languageName: node
  linkType: hard

"is-stream@npm:^2.0.0":
  version: 2.0.1
  resolution: "is-stream@npm:2.0.1"
  checksum: b8e05ccdf96ac330ea83c12450304d4a591f9958c11fd17bed240af8d5ffe08aedafa4c0f4cfccd4d28dc9d4d129daca1023633d5c11601a6cbc77521f6fae66
  languageName: node
  linkType: hard

"json-bigint@npm:^1.0.0":
  version: 1.0.0
  resolution: "json-bigint@npm:1.0.0"
  dependencies:
    bignumber.js: ^9.0.0
  checksum: c67bb93ccb3c291e60eb4b62931403e378906aab113ec1c2a8dd0f9a7f065ad6fd9713d627b732abefae2e244ac9ce1721c7a3142b2979532f12b258634ce6f6
  languageName: node
  linkType: hard

"jwa@npm:^2.0.0":
  version: 2.0.0
  resolution: "jwa@npm:2.0.0"
  dependencies:
    buffer-equal-constant-time: 1.0.1
    ecdsa-sig-formatter: 1.0.11
    safe-buffer: ^5.0.1
  checksum: 8f00b71ad5fe94cb55006d0d19202f8f56889109caada2f7eeb63ca81755769ce87f4f48101967f398462e3b8ae4faebfbd5a0269cb755dead5d63c77ba4d2f1
  languageName: node
  linkType: hard

"jws@npm:^4.0.0":
  version: 4.0.0
  resolution: "jws@npm:4.0.0"
  dependencies:
    jwa: ^2.0.0
    safe-buffer: ^5.0.1
  checksum: d68d07aa6d1b8cb35c363a9bd2b48f15064d342a5d9dc18a250dbbce8dc06bd7e4792516c50baa16b8d14f61167c19e851fd7f66b59ecc68b7f6a013759765f7
  languageName: node
  linkType: hard

"ms@npm:2.1.2":
  version: 2.1.2
  resolution: "ms@npm:2.1.2"
  checksum: 673cdb2c3133eb050c745908d8ce632ed2c02d85640e2edb3ace856a2266a813b30c613569bf3354fdf4ea7d1a1494add3bfa95e2713baa27d0c2c71fc44f58f
  languageName: node
  linkType: hard

"node-fetch@npm:^2.6.9":
  version: 2.7.0
  resolution: "node-fetch@npm:2.7.0"
  dependencies:
    whatwg-url: ^5.0.0
  peerDependencies:
    encoding: ^0.1.0
  peerDependenciesMeta:
    encoding:
      optional: true
  checksum: d76d2f5edb451a3f05b15115ec89fc6be39de37c6089f1b6368df03b91e1633fd379a7e01b7ab05089a25034b2023d959b47e59759cb38d88341b2459e89d6e5
  languageName: node
  linkType: hard

"safe-buffer@npm:^5.0.1":
  version: 5.2.1
  resolution: "safe-buffer@npm:5.2.1"
  checksum: b99c4b41fdd67a6aaf280fcd05e9ffb0813654894223afb78a31f14a19ad220bba8aba1cb14eddce1fcfb037155fe6de4e861784eb434f7d11ed58d1e70dd491
  languageName: node
  linkType: hard

"tr46@npm:~0.0.3":
  version: 0.0.3
  resolution: "tr46@npm:0.0.3"
  checksum: 726321c5eaf41b5002e17ffbd1fb7245999a073e8979085dacd47c4b4e8068ff5777142fc6726d6ca1fd2ff16921b48788b87225cbc57c72636f6efa8efbffe3
  languageName: node
  linkType: hard

"webidl-conversions@npm:^3.0.0":
  version: 3.0.1
  resolution: "webidl-conversions@npm:3.0.1"
  checksum: c92a0a6ab95314bde9c32e1d0a6dfac83b578f8fa5f21e675bc2706ed6981bc26b7eb7e6a1fab158e5ce4adf9caa4a0aee49a52505d4d13c7be545f15021b17c
  languageName: node
  linkType: hard

"whatwg-url@npm:^5.0.0":
  version: 5.0.0
  resolution: "whatwg-url@npm:5.0.0"
  dependencies:
    tr46: ~0.0.3
    webidl-conversions: ^3.0.0
  checksum: b8daed4ad3356cc4899048a15b2c143a9aed0dfae1f611ebd55073310c7b910f522ad75d727346ad64203d7e6c79ef25eafd465f4d12775ca44b90fa82ed9e2c
  languageName: node
  linkType: hard
